
Microsoft Visual Studio Solution File, Format Version 12.00
# Visual Studio Version 16
VisualStudioVersion = 16.0.31729.503
MinimumVisualStudioVersion = 10.0.40219.1
Project("{8BC9CEB8-8B4A-11D0-8D11-00A0C91BC942}") = "Test1104(1", "Test1104(1.vcxproj", "{E243D484-2757-4A9F-B68E-214401965A09}"
EndProject
Global
	GlobalSection(SolutionConfigurationPlatforms) = preSolution
		Debug|x64 = Debug|x64
		Debug|x86 = Debug|x86
		Release|x64 = Release|x64
		Release|x86 = Release|x86
	EndGlobalSection
	GlobalSection(ProjectConfigurationPlatforms) = postSolution
		{E243D484-2757-4A9F-B68E-214401965A09}.Debug|x64.ActiveCfg = Debug|x64
		{E243D484-2757-4A9F-B68E-214401965A09}.Debug|x64.Build.0 = Debug|x64
		{E243D484-2757-4A9F-B68E-214401965A09}.Debug|x86.ActiveCfg = Debug|Win32
		{E243D484-2757-4A9F-B68E-214401965A09}.Debug|x86.Build.0 = Debug|Win32
		{E243D484-2757-4A9F-B68E-214401965A09}.Release|x64.ActiveCfg = Release|x64
		{E243D484-2757-4A9F-B68E-214401965A09}.Release|x64.Build.0 = Release|x64
		{E243D484-2757-4A9F-B68E-214401965A09}.Release|x86.ActiveCfg = Release|Win32
		{E243D484-2757-4A9F-B68E-214401965A09}.Release|x86.Build.0 = Release|Win32
	EndGlobalSection
	GlobalSection(SolutionProperties) = preSolution
		HideSolutionNode = FALSE
	EndGlobalSection
	GlobalSection(ExtensibilityGlobals) = postSolution
		SolutionGuid = {D02A2713-CAAF-4F5C-8CF5-6F7B28B8333E}
	EndGlobalSection
EndGlobal
